
Microsoft Visual Studio Solution File, Format Version 12.00
# Visual Studio Version 17
VisualStudioVersion = 17.0.31912.275
MinimumVisualStudioVersion = 10.0.40219.1
Project("{9A19103F-16F7-4668-BE54-9A1E7A4F7556}") = "HyAcademy.APIs", "HyAcademy.APIs\HyAcademy.APIs.csproj", "{3C1BFE4C-4346-4DCA-A1AC-A41F882D7B96}"
EndProject
Project("{54A90642-561A-4BB1-A94E-469ADEE60C69}") = "HyAcademy.React", "..\React\HyAcademy.React.esproj", "{8ED6CE02-6BF0-437D-9583-82781A6164FE}"
EndProject
Project("{9A19103F-16F7-4668-BE54-9A1E7A4F7556}") = "HyAcademy.GraphQL", "HyAcademy.GraphQL\HyAcademy.GraphQL.csproj", "{1BD9569A-55D6-4F98-A5A5-788C5DAAFB7C}"
EndProject
Project("{2150E333-8FDC-42A3-9474-1A3956D46DE8}") = "Solution Items", "Solution Items", "{2B67BEC0-091B-4EA9-8120-6913466B9F2B}"
	ProjectSection(SolutionItems) = preProject
		.editorconfig = .editorconfig
		CodeMap.dgml = CodeMap.dgml
	EndProjectSection
EndProject
Project("{9A19103F-16F7-4668-BE54-9A1E7A4F7556}") = "HyAcademy.Data", "HyAcademy.Data\HyAcademy.Data.csproj", "{B6EB7872-8BFC-4BB7-8FAC-23EB9A99CD15}"
EndProject
Project("{9A19103F-16F7-4668-BE54-9A1E7A4F7556}") = "HyAcademy.GraphQL.Tools", "HyAcademy.GraphQL.Tools\HyAcademy.GraphQL.Tools.csproj", "{BC9AB216-4D07-4EC5-BE65-80187D85C12D}"
EndProject
Project("{9A19103F-16F7-4668-BE54-9A1E7A4F7556}") = "HyAcademy.GraphQL.Extensions", "HyAcademy.GraphQL.Extensions\HyAcademy.GraphQL.Extensions.csproj", "{E6E0C823-661B-4F55-A622-6A3875777BB2}"
EndProject
Project("{9A19103F-16F7-4668-BE54-9A1E7A4F7556}") = "HyAcademy.Data.EF", "HyAcademy.Data.EF\HyAcademy.Data.EF.csproj", "{4D7B47A9-63A0-4857-B286-EB795CAF5960}"
EndProject
Project("{9A19103F-16F7-4668-BE54-9A1E7A4F7556}") = "HyAcademy.Data.EF.MySql", "HyAcademy.Data.EF.MySql\HyAcademy.Data.EF.MySql.csproj", "{CBE3CEB3-34C6-4B46-8788-E23C97A65F5E}"
EndProject
Project("{9A19103F-16F7-4668-BE54-9A1E7A4F7556}") = "HyAcademy.Data.EF.Tests", "HyAcademy.Data.EF.Tests\HyAcademy.Data.EF.Tests.csproj", "{462439E8-E616-45CA-9220-15419061D614}"
EndProject
Project("{FAE04EC0-301F-11D3-BF4B-00C04F79EFBC}") = "HyAcademy.Functions.AADConnector", "HyAcademy.Functions.AADConnector\HyAcademy.Functions.AADConnector.csproj", "{FC07E94C-62D9-4106-B5BB-65D459612506}"
EndProject
Global
	GlobalSection(SolutionConfigurationPlatforms) = preSolution
		Debug|Any CPU = Debug|Any CPU
		Release|Any CPU = Release|Any CPU
	EndGlobalSection
	GlobalSection(ProjectConfigurationPlatforms) = postSolution
		{3C1BFE4C-4346-4DCA-A1AC-A41F882D7B96}.Debug|Any CPU.ActiveCfg = Debug|Any CPU
		{3C1BFE4C-4346-4DCA-A1AC-A41F882D7B96}.Debug|Any CPU.Build.0 = Debug|Any CPU
		{3C1BFE4C-4346-4DCA-A1AC-A41F882D7B96}.Release|Any CPU.ActiveCfg = Release|Any CPU
		{3C1BFE4C-4346-4DCA-A1AC-A41F882D7B96}.Release|Any CPU.Build.0 = Release|Any CPU
		{8ED6CE02-6BF0-437D-9583-82781A6164FE}.Debug|Any CPU.ActiveCfg = Debug|Any CPU
		{8ED6CE02-6BF0-437D-9583-82781A6164FE}.Debug|Any CPU.Build.0 = Debug|Any CPU
		{8ED6CE02-6BF0-437D-9583-82781A6164FE}.Debug|Any CPU.Deploy.0 = Debug|Any CPU
		{8ED6CE02-6BF0-437D-9583-82781A6164FE}.Release|Any CPU.ActiveCfg = Release|Any CPU
		{8ED6CE02-6BF0-437D-9583-82781A6164FE}.Release|Any CPU.Build.0 = Release|Any CPU
		{8ED6CE02-6BF0-437D-9583-82781A6164FE}.Release|Any CPU.Deploy.0 = Release|Any CPU
		{1BD9569A-55D6-4F98-A5A5-788C5DAAFB7C}.Debug|Any CPU.ActiveCfg = Debug|Any CPU
		{1BD9569A-55D6-4F98-A5A5-788C5DAAFB7C}.Debug|Any CPU.Build.0 = Debug|Any CPU
		{1BD9569A-55D6-4F98-A5A5-788C5DAAFB7C}.Release|Any CPU.ActiveCfg = Release|Any CPU
		{1BD9569A-55D6-4F98-A5A5-788C5DAAFB7C}.Release|Any CPU.Build.0 = Release|Any CPU
		{B6EB7872-8BFC-4BB7-8FAC-23EB9A99CD15}.Debug|Any CPU.ActiveCfg = Debug|Any CPU
		{B6EB7872-8BFC-4BB7-8FAC-23EB9A99CD15}.Debug|Any CPU.Build.0 = Debug|Any CPU
		{B6EB7872-8BFC-4BB7-8FAC-23EB9A99CD15}.Release|Any CPU.ActiveCfg = Release|Any CPU
		{B6EB7872-8BFC-4BB7-8FAC-23EB9A99CD15}.Release|Any CPU.Build.0 = Release|Any CPU
		{BC9AB216-4D07-4EC5-BE65-80187D85C12D}.Debug|Any CPU.ActiveCfg = Debug|Any CPU
		{BC9AB216-4D07-4EC5-BE65-80187D85C12D}.Debug|Any CPU.Build.0 = Debug|Any CPU
		{BC9AB216-4D07-4EC5-BE65-80187D85C12D}.Release|Any CPU.ActiveCfg = Release|Any CPU
		{BC9AB216-4D07-4EC5-BE65-80187D85C12D}.Release|Any CPU.Build.0 = Release|Any CPU
		{E6E0C823-661B-4F55-A622-6A3875777BB2}.Debug|Any CPU.ActiveCfg = Debug|Any CPU
		{E6E0C823-661B-4F55-A622-6A3875777BB2}.Debug|Any CPU.Build.0 = Debug|Any CPU
		{E6E0C823-661B-4F55-A622-6A3875777BB2}.Release|Any CPU.ActiveCfg = Release|Any CPU
		{E6E0C823-661B-4F55-A622-6A3875777BB2}.Release|Any CPU.Build.0 = Release|Any CPU
		{4D7B47A9-63A0-4857-B286-EB795CAF5960}.Debug|Any CPU.ActiveCfg = Debug|Any CPU
		{4D7B47A9-63A0-4857-B286-EB795CAF5960}.Debug|Any CPU.Build.0 = Debug|Any CPU
		{4D7B47A9-63A0-4857-B286-EB795CAF5960}.Release|Any CPU.ActiveCfg = Release|Any CPU
		{4D7B47A9-63A0-4857-B286-EB795CAF5960}.Release|Any CPU.Build.0 = Release|Any CPU
		{CBE3CEB3-34C6-4B46-8788-E23C97A65F5E}.Debug|Any CPU.ActiveCfg = Debug|Any CPU
		{CBE3CEB3-34C6-4B46-8788-E23C97A65F5E}.Debug|Any CPU.Build.0 = Debug|Any CPU
		{CBE3CEB3-34C6-4B46-8788-E23C97A65F5E}.Release|Any CPU.ActiveCfg = Release|Any CPU
		{CBE3CEB3-34C6-4B46-8788-E23C97A65F5E}.Release|Any CPU.Build.0 = Release|Any CPU
		{462439E8-E616-45CA-9220-15419061D614}.Debug|Any CPU.ActiveCfg = Debug|Any CPU
		{462439E8-E616-45CA-9220-15419061D614}.Debug|Any CPU.Build.0 = Debug|Any CPU
		{462439E8-E616-45CA-9220-15419061D614}.Release|Any CPU.ActiveCfg = Release|Any CPU
		{462439E8-E616-45CA-9220-15419061D614}.Release|Any CPU.Build.0 = Release|Any CPU
		{FC07E94C-62D9-4106-B5BB-65D459612506}.Debug|Any CPU.ActiveCfg = Debug|Any CPU
		{FC07E94C-62D9-4106-B5BB-65D459612506}.Debug|Any CPU.Build.0 = Debug|Any CPU
		{FC07E94C-62D9-4106-B5BB-65D459612506}.Release|Any CPU.ActiveCfg = Release|Any CPU
		{FC07E94C-62D9-4106-B5BB-65D459612506}.Release|Any CPU.Build.0 = Release|Any CPU
	EndGlobalSection
	GlobalSection(SolutionProperties) = preSolution
		HideSolutionNode = FALSE
	EndGlobalSection
	GlobalSection(ExtensibilityGlobals) = postSolution
		SolutionGuid = {BBD8A25F-BD6C-4D6C-85A5-E01B25ED69E8}
	EndGlobalSection
EndGlobal
